
Microsoft Visual Studio Solution File, Format Version 12.00
# Visual Studio 15
VisualStudioVersion = 15.0.28010.2003
MinimumVisualStudioVersion = 10.0.40219.1
Project("{888888A0-9F3D-457C-B088-3A5042F75D52}") = "Assignment0", "Assignment0\Assignment0.pyproj", "{9304A2B0-1335-4D1C-8FCB-BA97F2E7ED50}"
EndProject
Project("{888888A0-9F3D-457C-B088-3A5042F75D52}") = "Assignment1", "Assignment1\Assignment1.pyproj", "{EFB19484-08D9-4C24-B8FB-AE0FE2F262EF}"
EndProject
Project("{888888A0-9F3D-457C-B088-3A5042F75D52}") = "LabAssignments", "LabAssignments\LabAssignments.pyproj", "{995735B3-E28F-4E9E-BE20-14425284FC21}"
EndProject
Project("{888888A0-9F3D-457C-B088-3A5042F75D52}") = "Assignment2", "Assignment2\Assignment2.pyproj", "{00D38D6E-CC4F-48B7-AFFB-1ECF70DD1CCD}"
EndProject
Project("{888888A0-9F3D-457C-B088-3A5042F75D52}") = "CodeDemonstrations", "CodeDemonstrations\CodeDemonstrations.pyproj", "{FECF2D29-A71A-48F8-96A2-F56E2C838971}"
EndProject
Project("{888888A0-9F3D-457C-B088-3A5042F75D52}") = "Assignment3", "Assignment3\Assignment3.pyproj", "{62E5F96C-0BAD-4AB1-B063-D64FDDC5A1D3}"
EndProject
Project("{888888A0-9F3D-457C-B088-3A5042F75D52}") = "Assignment4", "Assignment4\Assignment4.pyproj", "{C1D8FCC2-A014-42D4-A523-35F0C3073F5B}"
EndProject
Project("{888888A0-9F3D-457C-B088-3A5042F75D52}") = "Assignment5", "Assignment5\Assignment5.pyproj", "{364D7799-4F6D-4AA2-A121-A534B705E4DD}"
EndProject
Project("{888888A0-9F3D-457C-B088-3A5042F75D52}") = "Assignment6", "Assignment6\Assignment6.pyproj", "{F05976C0-6E23-4DAF-856B-7E3EFFD82C80}"
EndProject
Project("{888888A0-9F3D-457C-B088-3A5042F75D52}") = "Assignment7", "Assignment7\Assignment7.pyproj", "{87A62538-C3BD-4160-A05F-9D105ADABF24}"
EndProject
Project("{888888A0-9F3D-457C-B088-3A5042F75D52}") = "Assignment8", "Assignment8\Assignment8.pyproj", "{CF29A0B6-34BC-4899-9A02-C2BF3281E142}"
EndProject
Project("{888888A0-9F3D-457C-B088-3A5042F75D52}") = "Assignment9", "Assignment9\Assignment9.pyproj", "{E7D35887-03C4-4C7A-9E90-70893641EA34}"
EndProject
Project("{888888A0-9F3D-457C-B088-3A5042F75D52}") = "Assignment10", "Assignment10\Assignment10.pyproj", "{0A6ECE38-8E8A-4E0B-968F-D5DC49546EA2}"
EndProject
Project("{888888A0-9F3D-457C-B088-3A5042F75D52}") = "Assignment11", "Assignment11\Assignment11.pyproj", "{CE3E183A-8B8B-4770-80CA-769373D9FB54}"
EndProject
Global
	GlobalSection(SolutionConfigurationPlatforms) = preSolution
		Debug|Any CPU = Debug|Any CPU
		Release|Any CPU = Release|Any CPU
	EndGlobalSection
	GlobalSection(ProjectConfigurationPlatforms) = postSolution
		{9304A2B0-1335-4D1C-8FCB-BA97F2E7ED50}.Debug|Any CPU.ActiveCfg = Debug|Any CPU
		{9304A2B0-1335-4D1C-8FCB-BA97F2E7ED50}.Release|Any CPU.ActiveCfg = Release|Any CPU
		{EFB19484-08D9-4C24-B8FB-AE0FE2F262EF}.Debug|Any CPU.ActiveCfg = Debug|Any CPU
		{EFB19484-08D9-4C24-B8FB-AE0FE2F262EF}.Release|Any CPU.ActiveCfg = Release|Any CPU
		{995735B3-E28F-4E9E-BE20-14425284FC21}.Debug|Any CPU.ActiveCfg = Debug|Any CPU
		{995735B3-E28F-4E9E-BE20-14425284FC21}.Release|Any CPU.ActiveCfg = Release|Any CPU
		{00D38D6E-CC4F-48B7-AFFB-1ECF70DD1CCD}.Debug|Any CPU.ActiveCfg = Debug|Any CPU
		{00D38D6E-CC4F-48B7-AFFB-1ECF70DD1CCD}.Release|Any CPU.ActiveCfg = Release|Any CPU
		{FECF2D29-A71A-48F8-96A2-F56E2C838971}.Debug|Any CPU.ActiveCfg = Debug|Any CPU
		{FECF2D29-A71A-48F8-96A2-F56E2C838971}.Release|Any CPU.ActiveCfg = Release|Any CPU
		{62E5F96C-0BAD-4AB1-B063-D64FDDC5A1D3}.Debug|Any CPU.ActiveCfg = Debug|Any CPU
		{62E5F96C-0BAD-4AB1-B063-D64FDDC5A1D3}.Release|Any CPU.ActiveCfg = Release|Any CPU
		{C1D8FCC2-A014-42D4-A523-35F0C3073F5B}.Debug|Any CPU.ActiveCfg = Debug|Any CPU
		{C1D8FCC2-A014-42D4-A523-35F0C3073F5B}.Release|Any CPU.ActiveCfg = Release|Any CPU
		{364D7799-4F6D-4AA2-A121-A534B705E4DD}.Debug|Any CPU.ActiveCfg = Debug|Any CPU
		{364D7799-4F6D-4AA2-A121-A534B705E4DD}.Release|Any CPU.ActiveCfg = Release|Any CPU
		{F05976C0-6E23-4DAF-856B-7E3EFFD82C80}.Debug|Any CPU.ActiveCfg = Debug|Any CPU
		{F05976C0-6E23-4DAF-856B-7E3EFFD82C80}.Release|Any CPU.ActiveCfg = Release|Any CPU
		{87A62538-C3BD-4160-A05F-9D105ADABF24}.Debug|Any CPU.ActiveCfg = Debug|Any CPU
		{87A62538-C3BD-4160-A05F-9D105ADABF24}.Release|Any CPU.ActiveCfg = Release|Any CPU
		{CF29A0B6-34BC-4899-9A02-C2BF3281E142}.Debug|Any CPU.ActiveCfg = Debug|Any CPU
		{CF29A0B6-34BC-4899-9A02-C2BF3281E142}.Release|Any CPU.ActiveCfg = Release|Any CPU
		{E7D35887-03C4-4C7A-9E90-70893641EA34}.Debug|Any CPU.ActiveCfg = Debug|Any CPU
		{E7D35887-03C4-4C7A-9E90-70893641EA34}.Release|Any CPU.ActiveCfg = Release|Any CPU
		{0A6ECE38-8E8A-4E0B-968F-D5DC49546EA2}.Debug|Any CPU.ActiveCfg = Debug|Any CPU
		{0A6ECE38-8E8A-4E0B-968F-D5DC49546EA2}.Release|Any CPU.ActiveCfg = Release|Any CPU
		{CE3E183A-8B8B-4770-80CA-769373D9FB54}.Debug|Any CPU.ActiveCfg = Debug|Any CPU
		{CE3E183A-8B8B-4770-80CA-769373D9FB54}.Release|Any CPU.ActiveCfg = Release|Any CPU
	EndGlobalSection
	GlobalSection(SolutionProperties) = preSolution
		HideSolutionNode = FALSE
	EndGlobalSection
	GlobalSection(ExtensibilityGlobals) = postSolution
		SolutionGuid = {1B44D840-3547-4780-8D1C-5770AC93DC66}
	EndGlobalSection
EndGlobal
